github.com/certifi/gocertifi v0.0.0-20210507211836-431795d63e8d h1:S2NE3iHSwP0XV47EEXL8mWmRdEfGscSJ+7EgePNgt0s=
github.com/certifi/gocertifi v0.0.0-20210507211836-431795d63e8d/go.mod h1:sGbDF6GwGcLpkNXPUTkMRoywsNa/ol15pxFe6ERfguA=
github.com/go-chi/chi v1.5.4 h1:QHdzF2szwjqVV4wmByUnTcsbIg7UGaQ0tPF2t5GcAIs=
github.com/go-chi/chi v1.5.4/go.mod h1:uaf8YgoFazUOkPBG7fxPftUylNumIev9awIWOENIuEg=
github.com/go-sql-driver/mysql v1.7.0 h1:ueSltNNllEqE3qcWBTD0iQd3IpL/6U+mJxLkazJ7YPc=
github.com/go-sql-driver/mysql v1.7.0/go.mod h1:OXbVy3sEdcQ2Doequ6Z5BW6fXNQTmx+9S1MCJN5yJMI=
github.com/joho/godotenv v1.5.1 h1:7eLL/+HRGLY0ldzfGMeQkb7vMd0as4CfYvUVzLqw0N0=
github.com/joho/godotenv v1.5.1/go.mod h1:f4LDr5Voq0i2e/R5DDNOoa2zzDfwtkZa6DnEwAbqwq4=
github.com/openfoodfacts/openfoodfacts-go v1.0.0 h1:fBVpQ1Jl2WAWcZbUtH9ffaQovyaBdc5O3/EX/dlzq5g=
github.com/openfoodfacts/openfoodfacts-go v1.0.0/go.mod h1:LxA3Y1wfVgR7QC9WgnlH69KjsmIqM5w6W5m8AwONnYQ=
google.golang.org/api v0.117.0 h1:JsXRperckxXjnPl42ku4+KQRhWFiW6XjcZlOEHoxG8M=
google.golang.org/api v0.117.0/go.mod h1:76TtD3vkgmZ66zZzp72bUUklpmQmKlhh6sYtIjYK+5E=
